{
    "_readme": [
        "This file locks the dependencies of your project to a known state",
        "Read more about it at https://getcomposer.org/doc/01-basic-usage.md#composer-lock-the-lock-file",
        "This file is @generated automatically"
    ],
    "hash": "87acd8910598f05ad082ff3bb8924fb2",
    "content-hash": "478351276d56c49a0449fdddf69e61cb",
    "packages": [],
    "packages-dev": [],
    "aliases": [],
    "minimum-stability": "stable",
    "stability-flags": [],
    "prefer-stable": false,
    "prefer-lowest": false,
    "platform": {
        "ext-gmp": "*",
        "ext-http": "*",
        "ext-mbstring": "*",
        "ext-mcrypt": "*",
        "php-64bit": ">=5.5.0",
        "ext-memcached": "*",
        "ext-pdo": "*",
        "ext-geoip": "*",
        "ext-json": "*"
    },
    "platform-dev": []
}
